
Microsoft Visual Studio Solution File, Format Version 12.00
# Visual Studio Version 17
VisualStudioVersion = 17.9.34728.123
MinimumVisualStudioVersion = 10.0.40219.1
Project("{FAE04EC0-301F-11D3-BF4B-00C04F79EFBC}") = "assignment 1", "assignment 1\assignment 1.csproj", "{57B203C8-8F55-4A10-AF08-CDF4AA925D06}"
EndProject
Global
	GlobalSection(SolutionConfigurationPlatforms) = preSolution
		Debug|Any CPU = Debug|Any CPU
		Release|Any CPU = Release|Any CPU
	EndGlobalSection
	GlobalSection(ProjectConfigurationPlatforms) = postSolution
		{57B203C8-8F55-4A10-AF08-CDF4AA925D06}.Debug|Any CPU.ActiveCfg = Debug|Any CPU
		{57B203C8-8F55-4A10-AF08-CDF4AA925D06}.Debug|Any CPU.Build.0 = Debug|Any CPU
		{57B203C8-8F55-4A10-AF08-CDF4AA925D06}.Release|Any CPU.ActiveCfg = Release|Any CPU
		{57B203C8-8F55-4A10-AF08-CDF4AA925D06}.Release|Any CPU.Build.0 = Release|Any CPU
	EndGlobalSection
	GlobalSection(SolutionProperties) = preSolution
		HideSolutionNode = FALSE
	EndGlobalSection
	GlobalSection(ExtensibilityGlobals) = postSolution
		SolutionGuid = {9A86007A-6566-4C43-A1A7-D44C88BF6BF6}
	EndGlobalSection
EndGlobal
